
Microsoft Visual Studio Solution File, Format Version 12.00
# Visual Studio 15
VisualStudioVersion = 15.0.28010.2046
MinimumVisualStudioVersion = 10.0.40219.1
Project("{FAE04EC0-301F-11D3-BF4B-00C04F79EFBC}") = "Bad_Mary_OOP_Laba4", "Bad_Mary_OOP_Laba4\Bad_Mary_OOP_Laba4.csproj", "{595422B0-2D64-4C67-B4BE-29C6107953AE}"
EndProject
Global
	GlobalSection(SolutionConfigurationPlatforms) = preSolution
		Debug|Any CPU = Debug|Any CPU
		Release|Any CPU = Release|Any CPU
	EndGlobalSection
	GlobalSection(ProjectConfigurationPlatforms) = postSolution
		{595422B0-2D64-4C67-B4BE-29C6107953AE}.Debug|Any CPU.ActiveCfg = Debug|Any CPU
		{595422B0-2D64-4C67-B4BE-29C6107953AE}.Debug|Any CPU.Build.0 = Debug|Any CPU
		{595422B0-2D64-4C67-B4BE-29C6107953AE}.Release|Any CPU.ActiveCfg = Release|Any CPU
		{595422B0-2D64-4C67-B4BE-29C6107953AE}.Release|Any CPU.Build.0 = Release|Any CPU
	EndGlobalSection
	GlobalSection(SolutionProperties) = preSolution
		HideSolutionNode = FALSE
	EndGlobalSection
	GlobalSection(ExtensibilityGlobals) = postSolution
		SolutionGuid = {C95FC835-CC44-4EF6-884C-C33BEED2166D}
	EndGlobalSection
EndGlobal
